
Microsoft Visual Studio Solution File, Format Version 12.00
# Visual Studio Version 17
VisualStudioVersion = 17.5.33516.290
MinimumVisualStudioVersion = 10.0.40219.1
Project("{9A19103F-16F7-4668-BE54-9A1E7A4F7556}") = "TaskManagerApi", "TaskManagerApi\TaskManagerApi.csproj", "{5864F097-7486-45F1-AC66-A57FAF621FDD}"
EndProject
Project("{9A19103F-16F7-4668-BE54-9A1E7A4F7556}") = "Entities", "Entities\Entities.csproj", "{BB568C00-FE5F-4455-B813-1A5FCEF0DA7B}"
EndProject
Project("{FAE04EC0-301F-11D3-BF4B-00C04F79EFBC}") = "TaskManagerWPF", "TaskManagerWPF\TaskManagerWPF.csproj", "{6C620915-566B-46F4-AD64-C6EB8A87F9F7}"
EndProject
Project("{FAE04EC0-301F-11D3-BF4B-00C04F79EFBC}") = "TaskManagerWPFTests", "TaskManagerWPFTests\TaskManagerWPFTests.csproj", "{085D4893-B14E-4378-8C9B-61D5B7CDAAAF}"
EndProject
Global
	GlobalSection(SolutionConfigurationPlatforms) = preSolution
		Debug|Any CPU = Debug|Any CPU
		Release|Any CPU = Release|Any CPU
	EndGlobalSection
	GlobalSection(ProjectConfigurationPlatforms) = postSolution
		{5864F097-7486-45F1-AC66-A57FAF621FDD}.Debug|Any CPU.ActiveCfg = Debug|Any CPU
		{5864F097-7486-45F1-AC66-A57FAF621FDD}.Debug|Any CPU.Build.0 = Debug|Any CPU
		{5864F097-7486-45F1-AC66-A57FAF621FDD}.Release|Any CPU.ActiveCfg = Release|Any CPU
		{5864F097-7486-45F1-AC66-A57FAF621FDD}.Release|Any CPU.Build.0 = Release|Any CPU
		{BB568C00-FE5F-4455-B813-1A5FCEF0DA7B}.Debug|Any CPU.ActiveCfg = Debug|Any CPU
		{BB568C00-FE5F-4455-B813-1A5FCEF0DA7B}.Debug|Any CPU.Build.0 = Debug|Any CPU
		{BB568C00-FE5F-4455-B813-1A5FCEF0DA7B}.Release|Any CPU.ActiveCfg = Release|Any CPU
		{BB568C00-FE5F-4455-B813-1A5FCEF0DA7B}.Release|Any CPU.Build.0 = Release|Any CPU
		{6C620915-566B-46F4-AD64-C6EB8A87F9F7}.Debug|Any CPU.ActiveCfg = Debug|Any CPU
		{6C620915-566B-46F4-AD64-C6EB8A87F9F7}.Debug|Any CPU.Build.0 = Debug|Any CPU
		{6C620915-566B-46F4-AD64-C6EB8A87F9F7}.Release|Any CPU.ActiveCfg = Release|Any CPU
		{6C620915-566B-46F4-AD64-C6EB8A87F9F7}.Release|Any CPU.Build.0 = Release|Any CPU
		{085D4893-B14E-4378-8C9B-61D5B7CDAAAF}.Debug|Any CPU.ActiveCfg = Debug|Any CPU
		{085D4893-B14E-4378-8C9B-61D5B7CDAAAF}.Debug|Any CPU.Build.0 = Debug|Any CPU
		{085D4893-B14E-4378-8C9B-61D5B7CDAAAF}.Release|Any CPU.ActiveCfg = Release|Any CPU
		{085D4893-B14E-4378-8C9B-61D5B7CDAAAF}.Release|Any CPU.Build.0 = Release|Any CPU
	EndGlobalSection
	GlobalSection(SolutionProperties) = preSolution
		HideSolutionNode = FALSE
	EndGlobalSection
	GlobalSection(ExtensibilityGlobals) = postSolution
		SolutionGuid = {AC657639-F19B-4907-B393-CEE0175A1050}
	EndGlobalSection
EndGlobal
